
Microsoft Visual Studio Solution File, Format Version 12.00
# Visual Studio 15
VisualStudioVersion = 15.0.27703.2047
MinimumVisualStudioVersion = 10.0.40219.1
Project("{E24C65DC-7377-472B-9ABA-BC803B73C61A}") = "Site", "D:\Documentos\Sites\MaíraAkemi\Site\", "{3A7F50B5-D711-409E-85E8-19E7BB72A4B5}"
	ProjectSection(WebsiteProperties) = preProject
		TargetFrameworkMoniker = ".NETFramework,Version%3Dv4.0"
		Debug.AspNetCompiler.VirtualPath = "/localhost_52789"
		Debug.AspNetCompiler.PhysicalPath = "Site\"
		Debug.AspNetCompiler.TargetPath = "PrecompiledWeb\localhost_52789\"
		Debug.AspNetCompiler.Updateable = "true"
		Debug.AspNetCompiler.ForceOverwrite = "true"
		Debug.AspNetCompiler.FixedNames = "false"
		Debug.AspNetCompiler.Debug = "True"
		Release.AspNetCompiler.VirtualPath = "/localhost_52789"
		Release.AspNetCompiler.PhysicalPath = "Site\"
		Release.AspNetCompiler.TargetPath = "PrecompiledWeb\localhost_52789\"
		Release.AspNetCompiler.Updateable = "true"
		Release.AspNetCompiler.ForceOverwrite = "true"
		Release.AspNetCompiler.FixedNames = "false"
		Release.AspNetCompiler.Debug = "False"
		VWDPort = "52789"
		SlnRelativePath = "Site\"
	EndProjectSection
EndProject
Project("{FAE04EC0-301F-11D3-BF4B-00C04F79EFBC}") = "Web", "Web\Web.csproj", "{283085EC-8359-4CB8-9499-645961B75E6B}"
EndProject
Global
	GlobalSection(SolutionConfigurationPlatforms) = preSolution
		Debug|Any CPU = Debug|Any CPU
		Release|Any CPU = Release|Any CPU
	EndGlobalSection
	GlobalSection(ProjectConfigurationPlatforms) = postSolution
		{3A7F50B5-D711-409E-85E8-19E7BB72A4B5}.Debug|Any CPU.ActiveCfg = Debug|Any CPU
		{3A7F50B5-D711-409E-85E8-19E7BB72A4B5}.Debug|Any CPU.Build.0 = Debug|Any CPU
		{3A7F50B5-D711-409E-85E8-19E7BB72A4B5}.Release|Any CPU.ActiveCfg = Debug|Any CPU
		{3A7F50B5-D711-409E-85E8-19E7BB72A4B5}.Release|Any CPU.Build.0 = Debug|Any CPU
		{283085EC-8359-4CB8-9499-645961B75E6B}.Debug|Any CPU.ActiveCfg = Debug|Any CPU
		{283085EC-8359-4CB8-9499-645961B75E6B}.Debug|Any CPU.Build.0 = Debug|Any CPU
		{283085EC-8359-4CB8-9499-645961B75E6B}.Release|Any CPU.ActiveCfg = Release|Any CPU
		{283085EC-8359-4CB8-9499-645961B75E6B}.Release|Any CPU.Build.0 = Release|Any CPU
	EndGlobalSection
	GlobalSection(SolutionProperties) = preSolution
		HideSolutionNode = FALSE
	EndGlobalSection
	GlobalSection(ExtensibilityGlobals) = postSolution
		SolutionGuid = {D5AE7918-1954-4359-B920-93ED392E4021}
	EndGlobalSection
EndGlobal
